
Microsoft Visual Studio Solution File, Format Version 12.00
# Visual Studio Version 16
VisualStudioVersion = 16.0.32630.194
MinimumVisualStudioVersion = 10.0.40219.1
Project("{FAE04EC0-301F-11D3-BF4B-00C04F79EFBC}") = "Fibonat", "Fibonat.csproj", "{C31C42BA-8530-4D89-9E8F-B89C0F1126E7}"
EndProject
Global
	GlobalSection(SolutionConfigurationPlatforms) = preSolution
		Debug|Any CPU = Debug|Any CPU
		Release|Any CPU = Release|Any CPU
	EndGlobalSection
	GlobalSection(ProjectConfigurationPlatforms) = postSolution
		{C31C42BA-8530-4D89-9E8F-B89C0F1126E7}.Debug|Any CPU.ActiveCfg = Debug|Any CPU
		{C31C42BA-8530-4D89-9E8F-B89C0F1126E7}.Debug|Any CPU.Build.0 = Debug|Any CPU
		{C31C42BA-8530-4D89-9E8F-B89C0F1126E7}.Release|Any CPU.ActiveCfg = Release|Any CPU
		{C31C42BA-8530-4D89-9E8F-B89C0F1126E7}.Release|Any CPU.Build.0 = Release|Any CPU
	EndGlobalSection
	GlobalSection(SolutionProperties) = preSolution
		HideSolutionNode = FALSE
	EndGlobalSection
	GlobalSection(ExtensibilityGlobals) = postSolution
		SolutionGuid = {4ACFA584-6BBA-47BF-9035-C5F22290CBB3}
	EndGlobalSection
EndGlobal
